// !$*UTF8*$!
{
	archiveVersion = 1;
	classes = {
	};
	objectVersion = 56;
	objects = {

/* Begin PBXBuildFile section */
		040F8B272914F526004BABC0 /* CollectionTableViewCell.swift in Sources */ = {isa = PBXBuildFile; fileRef = 040F8B262914F526004BABC0 /* CollectionTableViewCell.swift */; };
		040F8B2A2914FD5A004BABC0 /* HeaderUIView.swift in Sources */ = {isa = PBXBuildFile; fileRef = 040F8B292914FD5A004BABC0 /* HeaderUIView.swift */; };
		0458DD24291384A70094E099 /* Constaint.swift in Sources */ = {isa = PBXBuildFile; fileRef = 0458DD23291384A70094E099 /* Constaint.swift */; };
		045CA90D291279D300565BE5 /* FirstViewController.swift in Sources */ = {isa = PBXBuildFile; fileRef = 045CA90C291279D300565BE5 /* FirstViewController.swift */; };
		045CA90F291279DE00565BE5 /* SecondViewController.swift in Sources */ = {isa = PBXBuildFile; fileRef = 045CA90E291279DE00565BE5 /* SecondViewController.swift */; };
		045CA911291279EC00565BE5 /* ThirdViewController.swift in Sources */ = {isa = PBXBuildFile; fileRef = 045CA910291279EC00565BE5 /* ThirdViewController.swift */; };
		045CA91329127A1600565BE5 /* HeaderCollectionReusableView.swift in Sources */ = {isa = PBXBuildFile; fileRef = 045CA91229127A1600565BE5 /* HeaderCollectionReusableView.swift */; };
		045CA91529127D6100565BE5 /* OtherViewController.swift in Sources */ = {isa = PBXBuildFile; fileRef = 045CA91429127D6100565BE5 /* OtherViewController.swift */; };
		04E914AE290FB34C00A16B6F /* AppDelegate.swift in Sources */ = {isa = PBXBuildFile; fileRef = 04E914AD290FB34C00A16B6F /* AppDelegate.swift */; };
		04E914B0290FB34C00A16B6F /* SceneDelegate.swift in Sources */ = {isa = PBXBuildFile; fileRef = 04E914AF290FB34C00A16B6F /* SceneDelegate.swift */; };
		04E914B2290FB34C00A16B6F /* ViewController.swift in Sources */ = {isa = PBXBuildFile; fileRef = 04E914B1290FB34C00A16B6F /* ViewController.swift */; };
		04E914B7290FB34E00A16B6F /* Assets.xcassets in Resources */ = {isa = PBXBuildFile; fileRef = 04E914B6290FB34E00A16B6F /* Assets.xcassets */; };
		04E914BA290FB34E00A16B6F /* LaunchScreen.storyboard in Resources */ = {isa = PBXBuildFile; fileRef = 04E914B8290FB34E00A16B6F /* LaunchScreen.storyboard */; };
		04E914C3290FBDE700A16B6F /* LifeCycleViewController.swift in Sources */ = {isa = PBXBuildFile; fileRef = 04E914C2290FBDE700A16B6F /* LifeCycleViewController.swift */; };
		04E914C5290FBDFB00A16B6F /* UIViewViewController.swift in Sources */ = {isa = PBXBuildFile; fileRef = 04E914C4290FBDFB00A16B6F /* UIViewViewController.swift */; };
		04E914C7290FBE1B00A16B6F /* FrameAndBoundViewController.swift in Sources */ = {isa = PBXBuildFile; fileRef = 04E914C6290FBE1B00A16B6F /* FrameAndBoundViewController.swift */; };
		04E914C9290FBE4600A16B6F /* NSLayoutConstraintViewController.swift in Sources */ = {isa = PBXBuildFile; fileRef = 04E914C8290FBE4600A16B6F /* NSLayoutConstraintViewController.swift */; };
		04E914CB290FBE5E00A16B6F /* UIVCViewController.swift in Sources */ = {isa = PBXBuildFile; fileRef = 04E914CA290FBE5E00A16B6F /* UIVCViewController.swift */; };
		04E914CD290FBE7100A16B6F /* UINaviViewController.swift in Sources */ = {isa = PBXBuildFile; fileRef = 04E914CC290FBE7100A16B6F /* UINaviViewController.swift */; };
		04E914CF290FD0C000A16B6F /* UILabelViewController.swift in Sources */ = {isa = PBXBuildFile; fileRef = 04E914CE290FD0C000A16B6F /* UILabelViewController.swift */; };
		04E914D1290FD0D000A16B6F /* ButtonViewController.swift in Sources */ = {isa = PBXBuildFile; fileRef = 04E914D0290FD0D000A16B6F /* ButtonViewController.swift */; };
		04E914D3290FD0DE00A16B6F /* TextFiledViewController.swift in Sources */ = {isa = PBXBuildFile; fileRef = 04E914D2290FD0DE00A16B6F /* TextFiledViewController.swift */; };
		04E914D5290FD0EA00A16B6F /* TextViewViewController.swift in Sources */ = {isa = PBXBuildFile; fileRef = 04E914D4290FD0EA00A16B6F /* TextViewViewController.swift */; };
		04E914D7290FD0F500A16B6F /* TableViewViewController.swift in Sources */ = {isa = PBXBuildFile; fileRef = 04E914D6290FD0F500A16B6F /* TableViewViewController.swift */; };
		04E914D9290FD10000A16B6F /* CollectionViewViewController.swift in Sources */ = {isa = PBXBuildFile; fileRef = 04E914D8290FD10000A16B6F /* CollectionViewViewController.swift */; };
		04E914DB290FD10C00A16B6F /* ScrollViewViewController.swift in Sources */ = {isa = PBXBuildFile; fileRef = 04E914DA290FD10C00A16B6F /* ScrollViewViewController.swift */; };
		04E914DE290FD12200A16B6F /* StackViewViewController.swift in Sources */ = {isa = PBXBuildFile; fileRef = 04E914DD290FD12200A16B6F /* StackViewViewController.swift */; };
		04E914E0290FD12E00A16B6F /* TabbarViewController.swift in Sources */ = {isa = PBXBuildFile; fileRef = 04E914DF290FD12E00A16B6F /* TabbarViewController.swift */; };
		04E914E2290FD13C00A16B6F /* NotificationCenterViewController.swift in Sources */ = {isa = PBXBuildFile; fileRef = 04E914E1290FD13C00A16B6F /* NotificationCenterViewController.swift */; };
		04E914F4290FD8D100A16B6F /* AnotherViewController.swift in Sources */ = {isa = PBXBuildFile; fileRef = 04E914F3290FD8D100A16B6F /* AnotherViewController.swift */; };
/* End PBXBuildFile section */

/* Begin PBXFileReference section */
		040F8B262914F526004BABC0 /* CollectionTableViewCell.swift */ = {isa = PBXFileReference; lastKnownFileType = sourcecode.swift; path = CollectionTableViewCell.swift; sourceTree = "<group>"; };
		040F8B292914FD5A004BABC0 /* HeaderUIView.swift */ = {isa = PBXFileReference; lastKnownFileType = sourcecode.swift; path = HeaderUIView.swift; sourceTree = "<group>"; };
		0458DD23291384A70094E099 /* Constaint.swift */ = {isa = PBXFileReference; lastKnownFileType = sourcecode.swift; path = Constaint.swift; sourceTree = "<group>"; };
		045CA90C291279D300565BE5 /* FirstViewController.swift */ = {isa = PBXFileReference; lastKnownFileType = sourcecode.swift; path = FirstViewController.swift; sourceTree = "<group>"; };
		045CA90E291279DE00565BE5 /* SecondViewController.swift */ = {isa = PBXFileReference; lastKnownFileType = sourcecode.swift; path = SecondViewController.swift; sourceTree = "<group>"; };
		045CA910291279EC00565BE5 /* ThirdViewController.swift */ = {isa = PBXFileReference; lastKnownFileType = sourcecode.swift; path = ThirdViewController.swift; sourceTree = "<group>"; };
		045CA91229127A1600565BE5 /* HeaderCollectionReusableView.swift */ = {isa = PBXFileReference; lastKnownFileType = sourcecode.swift; path = HeaderCollectionReusableView.swift; sourceTree = "<group>"; };
		045CA91429127D6100565BE5 /* OtherViewController.swift */ = {isa = PBXFileReference; lastKnownFileType = sourcecode.swift; path = OtherViewController.swift; sourceTree = "<group>"; };
		04E914AA290FB34C00A16B6F /* View&Layout.app */ = {isa = PBXFileReference; explicitFileType = wrapper.application; includeInIndex = 0; path = "View&Layout.app"; sourceTree = BUILT_PRODUCTS_DIR; };
		04E914AD290FB34C00A16B6F /* AppDelegate.swift */ = {isa = PBXFileReference; lastKnownFileType = sourcecode.swift; path = AppDelegate.swift; sourceTree = "<group>"; };
		04E914AF290FB34C00A16B6F /* SceneDelegate.swift */ = {isa = PBXFileReference; lastKnownFileType = sourcecode.swift; path = SceneDelegate.swift; sourceTree = "<group>"; };
		04E914B1290FB34C00A16B6F /* ViewController.swift */ = {isa = PBXFileReference; lastKnownFileType = sourcecode.swift; path = ViewController.swift; sourceTree = "<group>"; };
		04E914B6290FB34E00A16B6F /* Assets.xcassets */ = {isa = PBXFileReference; lastKnownFileType = folder.assetcatalog; path = Assets.xcassets; sourceTree = "<group>"; };
		04E914B9290FB34E00A16B6F /* Base */ = {isa = PBXFileReference; lastKnownFileType = file.storyboard; name = Base; path = Base.lproj/LaunchScreen.storyboard; sourceTree = "<group>"; };
		04E914BB290FB34E00A16B6F /* Info.plist */ = {isa = PBXFileReference; lastKnownFileType = text.plist.xml; path = Info.plist; sourceTree = "<group>"; };
		04E914C2290FBDE700A16B6F /* LifeCycleViewController.swift */ = {isa = PBXFileReference; lastKnownFileType = sourcecode.swift; path = LifeCycleViewController.swift; sourceTree = "<group>"; };
		04E914C4290FBDFB00A16B6F /* UIViewViewController.swift */ = {isa = PBXFileReference; lastKnownFileType = sourcecode.swift; path = UIViewViewController.swift; sourceTree = "<group>"; };
		04E914C6290FBE1B00A16B6F /* FrameAndBoundViewController.swift */ = {isa = PBXFileReference; lastKnownFileType = sourcecode.swift; path = FrameAndBoundViewController.swift; sourceTree = "<group>"; };
		04E914C8290FBE4600A16B6F /* NSLayoutConstraintViewController.swift */ = {isa = PBXFileReference; lastKnownFileType = sourcecode.swift; path = NSLayoutConstraintViewController.swift; sourceTree = "<group>"; };
		04E914CA290FBE5E00A16B6F /* UIVCViewController.swift */ = {isa = PBXFileReference; lastKnownFileType = sourcecode.swift; path = UIVCViewController.swift; sourceTree = "<group>"; };
		04E914CC290FBE7100A16B6F /* UINaviViewController.swift */ = {isa = PBXFileReference; lastKnownFileType = sourcecode.swift; path = UINaviViewController.swift; sourceTree = "<group>"; };
		04E914CE290FD0C000A16B6F /* UILabelViewController.swift */ = {isa = PBXFileReference; lastKnownFileType = sourcecode.swift; path = UILabelViewController.swift; sourceTree = "<group>"; };
		04E914D0290FD0D000A16B6F /* ButtonViewController.swift */ = {isa = PBXFileReference; lastKnownFileType = sourcecode.swift; path = ButtonViewController.swift; sourceTree = "<group>"; };
		04E914D2290FD0DE00A16B6F /* TextFiledViewController.swift */ = {isa = PBXFileReference; lastKnownFileType = sourcecode.swift; path = TextFiledViewController.swift; sourceTree = "<group>"; };
		04E914D4290FD0EA00A16B6F /* TextViewViewController.swift */ = {isa = PBXFileReference; lastKnownFileType = sourcecode.swift; path = TextViewViewController.swift; sourceTree = "<group>"; };
		04E914D6290FD0F500A16B6F /* TableViewViewController.swift */ = {isa = PBXFileReference; lastKnownFileType = sourcecode.swift; path = TableViewViewController.swift; sourceTree = "<group>"; };
		04E914D8290FD10000A16B6F /* CollectionViewViewController.swift */ = {isa = PBXFileReference; lastKnownFileType = sourcecode.swift; path = CollectionViewViewController.swift; sourceTree = "<group>"; };
		04E914DA290FD10C00A16B6F /* ScrollViewViewController.swift */ = {isa = PBXFileReference; lastKnownFileType = sourcecode.swift; path = ScrollViewViewController.swift; sourceTree = "<group>"; };
		04E914DD290FD12200A16B6F /* StackViewViewController.swift */ = {isa = PBXFileReference; lastKnownFileType = sourcecode.swift; path = StackViewViewController.swift; sourceTree = "<group>"; };
		04E914DF290FD12E00A16B6F /* TabbarViewController.swift */ = {isa = PBXFileReference; lastKnownFileType = sourcecode.swift; path = TabbarViewController.swift; sourceTree = "<group>"; };
		04E914E1290FD13C00A16B6F /* NotificationCenterViewController.swift */ = {isa = PBXFileReference; lastKnownFileType = sourcecode.swift; path = NotificationCenterViewController.swift; sourceTree = "<group>"; };
		04E914F3290FD8D100A16B6F /* AnotherViewController.swift */ = {isa = PBXFileReference; lastKnownFileType = sourcecode.swift; path = AnotherViewController.swift; sourceTree = "<group>"; };
/* End PBXFileReference section */

/* Begin PBXFrameworksBuildPhase section */
		04E914A7290FB34C00A16B6F /* Frameworks */ = {
			isa = PBXFrameworksBuildPhase;
			buildActionMask = 2147483647;
			files = (
			);
			runOnlyForDeploymentPostprocessing = 0;
		};
/* End PBXFrameworksBuildPhase section */

/* Begin PBXGroup section */
		040F8B282914FD47004BABC0 /* View */ = {
			isa = PBXGroup;
			children = (
				040F8B292914FD5A004BABC0 /* HeaderUIView.swift */,
			);
			path = View;
			sourceTree = "<group>";
		};
		0458DD22291384480094E099 /* Extension */ = {
			isa = PBXGroup;
			children = (
				0458DD23291384A70094E099 /* Constaint.swift */,
			);
			path = Extension;
			sourceTree = "<group>";
		};
		04E914A1290FB34C00A16B6F = {
			isa = PBXGroup;
			children = (
				04E914AC290FB34C00A16B6F /* View&Layout */,
				04E914AB290FB34C00A16B6F /* Products */,
			);
			sourceTree = "<group>";
		};
		04E914AB290FB34C00A16B6F /* Products */ = {
			isa = PBXGroup;
			children = (
				04E914AA290FB34C00A16B6F /* View&Layout.app */,
			);
			name = Products;
			sourceTree = "<group>";
		};
		04E914AC290FB34C00A16B6F /* View&Layout */ = {
			isa = PBXGroup;
			children = (
				040F8B282914FD47004BABC0 /* View */,
				0458DD22291384480094E099 /* Extension */,
				04E914C1290FB69500A16B6F /* Controller */,
				04E914AD290FB34C00A16B6F /* AppDelegate.swift */,
				04E914AF290FB34C00A16B6F /* SceneDelegate.swift */,
				04E914B1290FB34C00A16B6F /* ViewController.swift */,
				04E914B6290FB34E00A16B6F /* Assets.xcassets */,
				04E914B8290FB34E00A16B6F /* LaunchScreen.storyboard */,
				04E914BB290FB34E00A16B6F /* Info.plist */,
			);
			path = "View&Layout";
			sourceTree = "<group>";
		};
		04E914C1290FB69500A16B6F /* Controller */ = {
			isa = PBXGroup;
			children = (
				04E914F2290FD40C00A16B6F /* NotificationCenter */,
				04E914F1290FD3FA00A16B6F /* Tabbar */,
				04E914F0290FD3EB00A16B6F /* StackView */,
				04E914EF290FD3E000A16B6F /* ScrollView */,
				04E914EE290FD3D200A16B6F /* CollectionView */,
				04E914ED290FD3BC00A16B6F /* TableView */,
				04E914EC290FD3B000A16B6F /* TextView */,
				04E914EB290FD3A600A16B6F /* TextField */,
				04E914EA290FD39600A16B6F /* UIButton */,
				04E914E9290FD38C00A16B6F /* UILabel */,
				04E914E8290FD38000A16B6F /* UINavigation */,
				04E914E7290FD37200A16B6F /* UIViewController */,
				04E914E6290FD36500A16B6F /* NSConstraint */,
				04E914E5290FD35700A16B6F /* Frame&Bound */,
				04E914E4290FD34400A16B6F /* UIView */,
				04E914E3290FD33800A16B6F /* Life cycle */,
			);
			path = Controller;
			sourceTree = "<group>";
		};
		04E914E3290FD33800A16B6F /* Life cycle */ = {
			isa = PBXGroup;
			children = (
				04E914C2290FBDE700A16B6F /* LifeCycleViewController.swift */,
				04E914F3290FD8D100A16B6F /* AnotherViewController.swift */,
			);
			path = "Life cycle";
			sourceTree = "<group>";
		};
		04E914E4290FD34400A16B6F /* UIView */ = {
			isa = PBXGroup;
			children = (
				04E914C4290FBDFB00A16B6F /* UIViewViewController.swift */,
			);
			path = UIView;
			sourceTree = "<group>";
		};
		04E914E5290FD35700A16B6F /* Frame&Bound */ = {
			isa = PBXGroup;
			children = (
				04E914C6290FBE1B00A16B6F /* FrameAndBoundViewController.swift */,
			);
			path = "Frame&Bound";
			sourceTree = "<group>";
		};
		04E914E6290FD36500A16B6F /* NSConstraint */ = {
			isa = PBXGroup;
			children = (
				04E914C8290FBE4600A16B6F /* NSLayoutConstraintViewController.swift */,
			);
			path = NSConstraint;
			sourceTree = "<group>";
		};
		04E914E7290FD37200A16B6F /* UIViewController */ = {
			isa = PBXGroup;
			children = (
				04E914CA290FBE5E00A16B6F /* UIVCViewController.swift */,
			);
			path = UIViewController;
			sourceTree = "<group>";
		};
		04E914E8290FD38000A16B6F /* UINavigation */ = {
			isa = PBXGroup;
			children = (
				04E914CC290FBE7100A16B6F /* UINaviViewController.swift */,
			);
			path = UINavigation;
			sourceTree = "<group>";
		};
		04E914E9290FD38C00A16B6F /* UILabel */ = {
			isa = PBXGroup;
			children = (
				04E914CE290FD0C000A16B6F /* UILabelViewController.swift */,
			);
			path = UILabel;
			sourceTree = "<group>";
		};
		04E914EA290FD39600A16B6F /* UIButton */ = {
			isa = PBXGroup;
			children = (
				04E914D0290FD0D000A16B6F /* ButtonViewController.swift */,
			);
			path = UIButton;
			sourceTree = "<group>";
		};
		04E914EB290FD3A600A16B6F /* TextField */ = {
			isa = PBXGroup;
			children = (
				04E914D2290FD0DE00A16B6F /* TextFiledViewController.swift */,
			);
			path = TextField;
			sourceTree = "<group>";
		};
		04E914EC290FD3B000A16B6F /* TextView */ = {
			isa = PBXGroup;
			children = (
				04E914D4290FD0EA00A16B6F /* TextViewViewController.swift */,
			);
			path = TextView;
			sourceTree = "<group>";
		};
		04E914ED290FD3BC00A16B6F /* TableView */ = {
			isa = PBXGroup;
			children = (
				04E914D6290FD0F500A16B6F /* TableViewViewController.swift */,
				040F8B262914F526004BABC0 /* CollectionTableViewCell.swift */,
			);
			path = TableView;
			sourceTree = "<group>";
		};
		04E914EE290FD3D200A16B6F /* CollectionView */ = {
			isa = PBXGroup;
			children = (
				04E914D8290FD10000A16B6F /* CollectionViewViewController.swift */,
				045CA91229127A1600565BE5 /* HeaderCollectionReusableView.swift */,
			);
			path = CollectionView;
			sourceTree = "<group>";
		};
		04E914EF290FD3E000A16B6F /* ScrollView */ = {
			isa = PBXGroup;
			children = (
				04E914DA290FD10C00A16B6F /* ScrollViewViewController.swift */,
			);
			path = ScrollView;
			sourceTree = "<group>";
		};
		04E914F0290FD3EB00A16B6F /* StackView */ = {
			isa = PBXGroup;
			children = (
				04E914DD290FD12200A16B6F /* StackViewViewController.swift */,
			);
			path = StackView;
			sourceTree = "<group>";
		};
		04E914F1290FD3FA00A16B6F /* Tabbar */ = {
			isa = PBXGroup;
			children = (
				04E914DF290FD12E00A16B6F /* TabbarViewController.swift */,
				045CA90C291279D300565BE5 /* FirstViewController.swift */,
				045CA90E291279DE00565BE5 /* SecondViewController.swift */,
				045CA910291279EC00565BE5 /* ThirdViewController.swift */,
			);
			path = Tabbar;
			sourceTree = "<group>";
		};
		04E914F2290FD40C00A16B6F /* NotificationCenter */ = {
			isa = PBXGroup;
			children = (
				04E914E1290FD13C00A16B6F /* NotificationCenterViewController.swift */,
				045CA91429127D6100565BE5 /* OtherViewController.swift */,
			);
			path = NotificationCenter;
			sourceTree = "<group>";
		};
/* End PBXGroup section */

/* Begin PBXNativeTarget section */
		04E914A9290FB34C00A16B6F /* View&Layout */ = {
			isa = PBXNativeTarget;
			buildConfigurationList = 04E914BE290FB34E00A16B6F /* Build configuration list for PBXNativeTarget "View&Layout" */;
			buildPhases = (
				04E914A6290FB34C00A16B6F /* Sources */,
				04E914A7290FB34C00A16B6F /* Frameworks */,
				04E914A8290FB34C00A16B6F /* Resources */,
			);
			buildRules = (
			);
			dependencies = (
			);
			name = "View&Layout";
			productName = "View&Layout";
			productReference = 04E914AA290FB34C00A16B6F /* View&Layout.app */;
			productType = "com.apple.product-type.application";
		};
/* End PBXNativeTarget section */

/* Begin PBXProject section */
		04E914A2290FB34C00A16B6F /* Project object */ = {
			isa = PBXProject;
			attributes = {
				BuildIndependentTargetsInParallel = 1;
				LastSwiftUpdateCheck = 1400;
				LastUpgradeCheck = 1400;
				TargetAttributes = {
					04E914A9290FB34C00A16B6F = {
						CreatedOnToolsVersion = 14.0.1;
					};
				};
			};
			buildConfigurationList = 04E914A5290FB34C00A16B6F /* Build configuration list for PBXProject "View&Layout" */;
			compatibilityVersion = "Xcode 14.0";
			developmentRegion = en;
			hasScannedForEncodings = 0;
			knownRegions = (
				en,
				Base,
			);
			mainGroup = 04E914A1290FB34C00A16B6F;
			productRefGroup = 04E914AB290FB34C00A16B6F /* Products */;
			projectDirPath = "";
			projectRoot = "";
			targets = (
				04E914A9290FB34C00A16B6F /* View&Layout */,
			);
		};
/* End PBXProject section */

/* Begin PBXResourcesBuildPhase section */
		04E914A8290FB34C00A16B6F /* Resources */ = {
			isa = PBXResourcesBuildPhase;
			buildActionMask = 2147483647;
			files = (
				04E914BA290FB34E00A16B6F /* LaunchScreen.storyboard in Resources */,
				04E914B7290FB34E00A16B6F /* Assets.xcassets in Resources */,
			);
			runOnlyForDeploymentPostprocessing = 0;
		};
/* End PBXResourcesBuildPhase section */

/* Begin PBXSourcesBuildPhase section */
		04E914A6290FB34C00A16B6F /* Sources */ = {
			isa = PBXSourcesBuildPhase;
			buildActionMask = 2147483647;
			files = (
				04E914B2290FB34C00A16B6F /* ViewController.swift in Sources */,
				04E914CB290FBE5E00A16B6F /* UIVCViewController.swift in Sources */,
				04E914DB290FD10C00A16B6F /* ScrollViewViewController.swift in Sources */,
				04E914D9290FD10000A16B6F /* CollectionViewViewController.swift in Sources */,
				04E914AE290FB34C00A16B6F /* AppDelegate.swift in Sources */,
				04E914CF290FD0C000A16B6F /* UILabelViewController.swift in Sources */,
				04E914F4290FD8D100A16B6F /* AnotherViewController.swift in Sources */,
				04E914C9290FBE4600A16B6F /* NSLayoutConstraintViewController.swift in Sources */,
				04E914C5290FBDFB00A16B6F /* UIViewViewController.swift in Sources */,
				045CA90F291279DE00565BE5 /* SecondViewController.swift in Sources */,
				04E914E0290FD12E00A16B6F /* TabbarViewController.swift in Sources */,
				040F8B2A2914FD5A004BABC0 /* HeaderUIView.swift in Sources */,
				0458DD24291384A70094E099 /* Constaint.swift in Sources */,
				04E914E2290FD13C00A16B6F /* NotificationCenterViewController.swift in Sources */,
				04E914D7290FD0F500A16B6F /* TableViewViewController.swift in Sources */,
				04E914B0290FB34C00A16B6F /* SceneDelegate.swift in Sources */,
				045CA91529127D6100565BE5 /* OtherViewController.swift in Sources */,
				040F8B272914F526004BABC0 /* CollectionTableViewCell.swift in Sources */,
				04E914CD290FBE7100A16B6F /* UINaviViewController.swift in Sources */,
				04E914D5290FD0EA00A16B6F /* TextViewViewController.swift in Sources */,
				045CA91329127A1600565BE5 /* HeaderCollectionReusableView.swift in Sources */,
				04E914D3290FD0DE00A16B6F /* TextFiledViewController.swift in Sources */,
				04E914C7290FBE1B00A16B6F /* FrameAndBoundViewController.swift in Sources */,
				04E914DE290FD12200A16B6F /* StackViewViewController.swift in Sources */,
				04E914C3290FBDE700A16B6F /* LifeCycleViewController.swift in Sources */,
				04E914D1290FD0D000A16B6F /* ButtonViewController.swift in Sources */,
				045CA911291279EC00565BE5 /* ThirdViewController.swift in Sources */,
				045CA90D291279D300565BE5 /* FirstViewController.swift in Sources */,
			);
			runOnlyForDeploymentPostprocessing = 0;
		};
/* End PBXSourcesBuildPhase section */

/* Begin PBXVariantGroup section */
		04E914B8290FB34E00A16B6F /* LaunchScreen.storyboard */ = {
			isa = PBXVariantGroup;
			children = (
				04E914B9290FB34E00A16B6F /* Base */,
			);
			name = LaunchScreen.storyboard;
			sourceTree = "<group>";
		};
/* End PBXVariantGroup section */

/* Begin XCBuildConfiguration section */
		04E914BC290FB34E00A16B6F /* Debug */ = {
			isa = XCBuildConfiguration;
			buildSettings = {
				ALWAYS_SEARCH_USER_PATHS = NO;
				CLANG_ANALYZER_NONNULL = YES;
				CLANG_ANALYZER_NUMBER_OBJECT_CONVERSION = YES_AGGRESSIVE;
				CLANG_CXX_LANGUAGE_STANDARD = "gnu++20";
				CLANG_ENABLE_MODULES = YES;
				CLANG_ENABLE_OBJC_ARC = YES;
				CLANG_ENABLE_OBJC_WEAK = YES;
				CLANG_WARN_BLOCK_CAPTURE_AUTORELEASING = YES;
				CLANG_WARN_BOOL_CONVERSION = YES;
				CLANG_WARN_COMMA = YES;
				CLANG_WARN_CONSTANT_CONVERSION = YES;
				CLANG_WARN_DEPRECATED_OBJC_IMPLEMENTATIONS = YES;
				CLANG_WARN_DIRECT_OBJC_ISA_USAGE = YES_ERROR;
				CLANG_WARN_DOCUMENTATION_COMMENTS = YES;
				CLANG_WARN_EMPTY_BODY = YES;
				CLANG_WARN_ENUM_CONVERSION = YES;
				CLANG_WARN_INFINITE_RECURSION = YES;
				CLANG_WARN_INT_CONVERSION = YES;
				CLANG_WARN_NON_LITERAL_NULL_CONVERSION = YES;
				CLANG_WARN_OBJC_IMPLICIT_RETAIN_SELF = YES;
				CLANG_WARN_OBJC_LITERAL_CONVERSION = YES;
				CLANG_WARN_OBJC_ROOT_CLASS = YES_ERROR;
				CLANG_WARN_QUOTED_INCLUDE_IN_FRAMEWORK_HEADER = YES;
				CLANG_WARN_RANGE_LOOP_ANALYSIS = YES;
				CLANG_WARN_STRICT_PROTOTYPES = YES;
				CLANG_WARN_SUSPICIOUS_MOVE = YES;
				CLANG_WARN_UNGUARDED_AVAILABILITY = YES_AGGRESSIVE;
				CLANG_WARN_UNREACHABLE_CODE = YES;
				CLANG_WARN__DUPLICATE_METHOD_MATCH = YES;
				COPY_PHASE_STRIP = NO;
				DEBUG_INFORMATION_FORMAT = dwarf;
				ENABLE_STRICT_OBJC_MSGSEND = YES;
				ENABLE_TESTABILITY = YES;
				GCC_C_LANGUAGE_STANDARD = gnu11;
				GCC_DYNAMIC_NO_PIC = NO;
				GCC_NO_COMMON_BLOCKS = YES;
				GCC_OPTIMIZATION_LEVEL = 0;
				GCC_PREPROCESSOR_DEFINITIONS = (
					"DEBUG=1",
					"$(inherited)",
				);
				GCC_WARN_64_TO_32_BIT_CONVERSION = YES;
				GCC_WARN_ABOUT_RETURN_TYPE = YES_ERROR;
				GCC_WARN_UNDECLARED_SELECTOR = YES;
				GCC_WARN_UNINITIALIZED_AUTOS = YES_AGGRESSIVE;
				GCC_WARN_UNUSED_FUNCTION = YES;
				GCC_WARN_UNUSED_VARIABLE = YES;
				IPHONEOS_DEPLOYMENT_TARGET = 16.0;
				MTL_ENABLE_DEBUG_INFO = INCLUDE_SOURCE;
				MTL_FAST_MATH = YES;
				ONLY_ACTIVE_ARCH = YES;
				SDKROOT = iphoneos;
				SWIFT_ACTIVE_COMPILATION_CONDITIONS = DEBUG;
				SWIFT_OPTIMIZATION_LEVEL = "-Onone";
			};
			name = Debug;
		};
		04E914BD290FB34E00A16B6F /* Release */ = {
			isa = XCBuildConfiguration;
			buildSettings = {
				ALWAYS_SEARCH_USER_PATHS = NO;
				CLANG_ANALYZER_NONNULL = YES;
				CLANG_ANALYZER_NUMBER_OBJECT_CONVERSION = YES_AGGRESSIVE;
				CLANG_CXX_LANGUAGE_STANDARD = "gnu++20";
				CLANG_ENABLE_MODULES = YES;
				CLANG_ENABLE_OBJC_ARC = YES;
				CLANG_ENABLE_OBJC_WEAK = YES;
				CLANG_WARN_BLOCK_CAPTURE_AUTORELEASING = YES;
				CLANG_WARN_BOOL_CONVERSION = YES;
				CLANG_WARN_COMMA = YES;
				CLANG_WARN_CONSTANT_CONVERSION = YES;
				CLANG_WARN_DEPRECATED_OBJC_IMPLEMENTATIONS = YES;
				CLANG_WARN_DIRECT_OBJC_ISA_USAGE = YES_ERROR;
				CLANG_WARN_DOCUMENTATION_COMMENTS = YES;
				CLANG_WARN_EMPTY_BODY = YES;
				CLANG_WARN_ENUM_CONVERSION = YES;
				CLANG_WARN_INFINITE_RECURSION = YES;
				CLANG_WARN_INT_CONVERSION = YES;
				CLANG_WARN_NON_LITERAL_NULL_CONVERSION = YES;
				CLANG_WARN_OBJC_IMPLICIT_RETAIN_SELF = YES;
				CLANG_WARN_OBJC_LITERAL_CONVERSION = YES;
				CLANG_WARN_OBJC_ROOT_CLASS = YES_ERROR;
				CLANG_WARN_QUOTED_INCLUDE_IN_FRAMEWORK_HEADER = YES;
				CLANG_WARN_RANGE_LOOP_ANALYSIS = YES;
				CLANG_WARN_STRICT_PROTOTYPES = YES;
				CLANG_WARN_SUSPICIOUS_MOVE = YES;
				CLANG_WARN_UNGUARDED_AVAILABILITY = YES_AGGRESSIVE;
				CLANG_WARN_UNREACHABLE_CODE = YES;
				CLANG_WARN__DUPLICATE_METHOD_MATCH = YES;
				COPY_PHASE_STRIP = NO;
				DEBUG_INFORMATION_FORMAT = "dwarf-with-dsym";
				ENABLE_NS_ASSERTIONS = NO;
				ENABLE_STRICT_OBJC_MSGSEND = YES;
				GCC_C_LANGUAGE_STANDARD = gnu11;
				GCC_NO_COMMON_BLOCKS = YES;
				GCC_WARN_64_TO_32_BIT_CONVERSION = YES;
				GCC_WARN_ABOUT_RETURN_TYPE = YES_ERROR;
				GCC_WARN_UNDECLARED_SELECTOR = YES;
				GCC_WARN_UNINITIALIZED_AUTOS = YES_AGGRESSIVE;
				GCC_WARN_UNUSED_FUNCTION = YES;
				GCC_WARN_UNUSED_VARIABLE = YES;
				IPHONEOS_DEPLOYMENT_TARGET = 16.0;
				MTL_ENABLE_DEBUG_INFO = NO;
				MTL_FAST_MATH = YES;
				SDKROOT = iphoneos;
				SWIFT_COMPILATION_MODE = wholemodule;
				SWIFT_OPTIMIZATION_LEVEL = "-O";
				VALIDATE_PRODUCT = YES;
			};
			name = Release;
		};
		04E914BF290FB34E00A16B6F /* Debug */ = {
			isa = XCBuildConfiguration;
			buildSettings = {
				ASSETCATALOG_COMPILER_APPICON_NAME = AppIcon;
				ASSETCATALOG_COMPILER_GLOBAL_ACCENT_COLOR_NAME = AccentColor;
				CODE_SIGN_STYLE = Automatic;
				CURRENT_PROJECT_VERSION = 1;
				DEVELOPMENT_TEAM = 6CUTD2AXT5;
				GENERATE_INFOPLIST_FILE = YES;
				INFOPLIST_FILE = "View&Layout/Info.plist";
				INFOPLIST_KEY_UIApplicationSupportsIndirectInputEvents = YES;
				INFOPLIST_KEY_UILaunchStoryboardName = LaunchScreen;
				INFOPLIST_KEY_UIMainStoryboardFile = "";
				INFOPLIST_KEY_UISupportedInterfaceOrientations_iPad = "UIInterfaceOrientationPortrait UIInterfaceOrientationPortraitUpsideDown UIInterfaceOrientationLandscapeLeft UIInterfaceOrientationLandscapeRight";
				INFOPLIST_KEY_UISupportedInterfaceOrientations_iPhone = "UIInterfaceOrientationPortrait UIInterfaceOrientationLandscapeLeft UIInterfaceOrientationLandscapeRight";
				IPHONEOS_DEPLOYMENT_TARGET = 15.0;
				LD_RUNPATH_SEARCH_PATHS = (
					"$(inherited)",
					"@executable_path/Frameworks",
				);
				MARKETING_VERSION = 1.0;
				PRODUCT_BUNDLE_IDENTIFIER = "com.HuuToan.View-Layout";
				PRODUCT_NAME = "$(TARGET_NAME)";
				SWIFT_EMIT_LOC_STRINGS = YES;
				SWIFT_VERSION = 5.0;
				TARGETED_DEVICE_FAMILY = "1,2";
			};
			name = Debug;
		};
		04E914C0290FB34E00A16B6F /* Release */ = {
			isa = XCBuildConfiguration;
			buildSettings = {
				ASSETCATALOG_COMPILER_APPICON_NAME = AppIcon;
				ASSETCATALOG_COMPILER_GLOBAL_ACCENT_COLOR_NAME = AccentColor;
				CODE_SIGN_STYLE = Automatic;
				CURRENT_PROJECT_VERSION = 1;
				DEVELOPMENT_TEAM = 6CUTD2AXT5;
				GENERATE_INFOPLIST_FILE = YES;
				INFOPLIST_FILE = "View&Layout/Info.plist";
				INFOPLIST_KEY_UIApplicationSupportsIndirectInputEvents = YES;
				INFOPLIST_KEY_UILaunchStoryboardName = LaunchScreen;
				INFOPLIST_KEY_UIMainStoryboardFile = "";
				INFOPLIST_KEY_UISupportedInterfaceOrientations_iPad = "UIInterfaceOrientationPortrait UIInterfaceOrientationPortraitUpsideDown UIInterfaceOrientationLandscapeLeft UIInterfaceOrientationLandscapeRight";
				INFOPLIST_KEY_UISupportedInterfaceOrientations_iPhone = "UIInterfaceOrientationPortrait UIInterfaceOrientationLandscapeLeft UIInterfaceOrientationLandscapeRight";
				IPHONEOS_DEPLOYMENT_TARGET = 15.0;
				LD_RUNPATH_SEARCH_PATHS = (
					"$(inherited)",
					"@executable_path/Frameworks",
				);
				MARKETING_VERSION = 1.0;
				PRODUCT_BUNDLE_IDENTIFIER = "com.HuuToan.View-Layout";
				PRODUCT_NAME = "$(TARGET_NAME)";
				SWIFT_EMIT_LOC_STRINGS = YES;
				SWIFT_VERSION = 5.0;
				TARGETED_DEVICE_FAMILY = "1,2";
			};
			name = Release;
		};
/* End XCBuildConfiguration section */

/* Begin XCConfigurationList section */
		04E914A5290FB34C00A16B6F /* Build configuration list for PBXProject "View&Layout" */ = {
			isa = XCConfigurationList;
			buildConfigurations = (
				04E914BC290FB34E00A16B6F /* Debug */,
				04E914BD290FB34E00A16B6F /* Release */,
			);
			defaultConfigurationIsVisible = 0;
			defaultConfigurationName = Release;
		};
		04E914BE290FB34E00A16B6F /* Build configuration list for PBXNativeTarget "View&Layout" */ = {
			isa = XCConfigurationList;
			buildConfigurations = (
				04E914BF290FB34E00A16B6F /* Debug */,
				04E914C0290FB34E00A16B6F /* Release */,
			);
			defaultConfigurationIsVisible = 0;
			defaultConfigurationName = Release;
		};
/* End XCConfigurationList section */
	};
	rootObject = 04E914A2290FB34C00A16B6F /* Project object */;
}
