// !$*UTF8*$!
{
	archiveVersion = 1;
	classes = {
	};
	objectVersion = 56;
	objects = {

/* Begin PBXBuildFile section */
		04019CE5292B561B00EAC5CA /* AppDelegate.swift in Sources */ = {isa = PBXBuildFile; fileRef = 04019CE4292B561B00EAC5CA /* AppDelegate.swift */; };
		04019CE7292B561B00EAC5CA /* SceneDelegate.swift in Sources */ = {isa = PBXBuildFile; fileRef = 04019CE6292B561B00EAC5CA /* SceneDelegate.swift */; };
		04019CE9292B561B00EAC5CA /* ViewController.swift in Sources */ = {isa = PBXBuildFile; fileRef = 04019CE8292B561B00EAC5CA /* ViewController.swift */; };
		04019CF1292B561E00EAC5CA /* LaunchScreen.storyboard in Resources */ = {isa = PBXBuildFile; fileRef = 04019CEF292B561E00EAC5CA /* LaunchScreen.storyboard */; };
		04019D01292B571D00EAC5CA /* WeatherViewController.swift in Sources */ = {isa = PBXBuildFile; fileRef = 04019D00292B571D00EAC5CA /* WeatherViewController.swift */; };
		04019D03292B575200EAC5CA /* Colors.swift in Sources */ = {isa = PBXBuildFile; fileRef = 04019D02292B575200EAC5CA /* Colors.swift */; };
		04019D05292B57E800EAC5CA /* Assets.xcassets in Resources */ = {isa = PBXBuildFile; fileRef = 04019D04292B57E800EAC5CA /* Assets.xcassets */; };
		04019D08292B582F00EAC5CA /* Constraint+Extension.swift in Sources */ = {isa = PBXBuildFile; fileRef = 04019D07292B582F00EAC5CA /* Constraint+Extension.swift */; };
		04019D0A292B58B700EAC5CA /* BaseURL.swift in Sources */ = {isa = PBXBuildFile; fileRef = 04019D09292B58B700EAC5CA /* BaseURL.swift */; };
		04019D0C292B58C200EAC5CA /* APIError.swift in Sources */ = {isa = PBXBuildFile; fileRef = 04019D0B292B58C200EAC5CA /* APIError.swift */; };
		04019D0E292B58CB00EAC5CA /* API.swift in Sources */ = {isa = PBXBuildFile; fileRef = 04019D0D292B58CB00EAC5CA /* API.swift */; };
		04019D10292B58DA00EAC5CA /* APIMethod.swift in Sources */ = {isa = PBXBuildFile; fileRef = 04019D0F292B58DA00EAC5CA /* APIMethod.swift */; };
		04019D12292B595D00EAC5CA /* WeatherResponse.swift in Sources */ = {isa = PBXBuildFile; fileRef = 04019D11292B595D00EAC5CA /* WeatherResponse.swift */; };
		04019D14292B596A00EAC5CA /* Coordinate.swift in Sources */ = {isa = PBXBuildFile; fileRef = 04019D13292B596A00EAC5CA /* Coordinate.swift */; };
/* End PBXBuildFile section */

/* Begin PBXFileReference section */
		04019CE1292B561B00EAC5CA /* iOS-Design-Patterns.app */ = {isa = PBXFileReference; explicitFileType = wrapper.application; includeInIndex = 0; path = "iOS-Design-Patterns.app"; sourceTree = BUILT_PRODUCTS_DIR; };
		04019CE4292B561B00EAC5CA /* AppDelegate.swift */ = {isa = PBXFileReference; lastKnownFileType = sourcecode.swift; path = AppDelegate.swift; sourceTree = "<group>"; };
		04019CE6292B561B00EAC5CA /* SceneDelegate.swift */ = {isa = PBXFileReference; lastKnownFileType = sourcecode.swift; path = SceneDelegate.swift; sourceTree = "<group>"; };
		04019CE8292B561B00EAC5CA /* ViewController.swift */ = {isa = PBXFileReference; lastKnownFileType = sourcecode.swift; path = ViewController.swift; sourceTree = "<group>"; };
		04019CF0292B561E00EAC5CA /* Base */ = {isa = PBXFileReference; lastKnownFileType = file.storyboard; name = Base; path = Base.lproj/LaunchScreen.storyboard; sourceTree = "<group>"; };
		04019CF2292B561E00EAC5CA /* Info.plist */ = {isa = PBXFileReference; lastKnownFileType = text.plist.xml; path = Info.plist; sourceTree = "<group>"; };
		04019D00292B571D00EAC5CA /* WeatherViewController.swift */ = {isa = PBXFileReference; lastKnownFileType = sourcecode.swift; path = WeatherViewController.swift; sourceTree = "<group>"; };
		04019D02292B575200EAC5CA /* Colors.swift */ = {isa = PBXFileReference; lastKnownFileType = sourcecode.swift; path = Colors.swift; sourceTree = "<group>"; };
		04019D04292B57E800EAC5CA /* Assets.xcassets */ = {isa = PBXFileReference; lastKnownFileType = folder.assetcatalog; path = Assets.xcassets; sourceTree = "<group>"; };
		04019D07292B582F00EAC5CA /* Constraint+Extension.swift */ = {isa = PBXFileReference; lastKnownFileType = sourcecode.swift; path = "Constraint+Extension.swift"; sourceTree = "<group>"; };
		04019D09292B58B700EAC5CA /* BaseURL.swift */ = {isa = PBXFileReference; lastKnownFileType = sourcecode.swift; path = BaseURL.swift; sourceTree = "<group>"; };
		04019D0B292B58C200EAC5CA /* APIError.swift */ = {isa = PBXFileReference; lastKnownFileType = sourcecode.swift; path = APIError.swift; sourceTree = "<group>"; };
		04019D0D292B58CB00EAC5CA /* API.swift */ = {isa = PBXFileReference; lastKnownFileType = sourcecode.swift; path = API.swift; sourceTree = "<group>"; };
		04019D0F292B58DA00EAC5CA /* APIMethod.swift */ = {isa = PBXFileReference; lastKnownFileType = sourcecode.swift; path = APIMethod.swift; sourceTree = "<group>"; };
		04019D11292B595D00EAC5CA /* WeatherResponse.swift */ = {isa = PBXFileReference; lastKnownFileType = sourcecode.swift; path = WeatherResponse.swift; sourceTree = "<group>"; };
		04019D13292B596A00EAC5CA /* Coordinate.swift */ = {isa = PBXFileReference; lastKnownFileType = sourcecode.swift; path = Coordinate.swift; sourceTree = "<group>"; };
/* End PBXFileReference section */

/* Begin PBXFrameworksBuildPhase section */
		04019CDE292B561B00EAC5CA /* Frameworks */ = {
			isa = PBXFrameworksBuildPhase;
			buildActionMask = 2147483647;
			files = (
			);
			runOnlyForDeploymentPostprocessing = 0;
		};
/* End PBXFrameworksBuildPhase section */

/* Begin PBXGroup section */
		04019CD8292B561B00EAC5CA = {
			isa = PBXGroup;
			children = (
				04019CE3292B561B00EAC5CA /* iOS-Design-Patterns */,
				04019CE2292B561B00EAC5CA /* Products */,
			);
			sourceTree = "<group>";
		};
		04019CE2292B561B00EAC5CA /* Products */ = {
			isa = PBXGroup;
			children = (
				04019CE1292B561B00EAC5CA /* iOS-Design-Patterns.app */,
			);
			name = Products;
			sourceTree = "<group>";
		};
		04019CE3292B561B00EAC5CA /* iOS-Design-Patterns */ = {
			isa = PBXGroup;
			children = (
				04019D06292B581C00EAC5CA /* Extensions */,
				04019CFE292B56BB00EAC5CA /* Application */,
				04019CFD292B56AE00EAC5CA /* Resources */,
				04019CFC292B569C00EAC5CA /* Networking */,
				04019CFB292B568A00EAC5CA /* Controllers */,
				04019CFA292B568400EAC5CA /* Views */,
				04019CF9292B567500EAC5CA /* ViewModels */,
				04019CF8292B564600EAC5CA /* Models */,
				04019CE8292B561B00EAC5CA /* ViewController.swift */,
				04019CEF292B561E00EAC5CA /* LaunchScreen.storyboard */,
				04019CF2292B561E00EAC5CA /* Info.plist */,
			);
			path = "iOS-Design-Patterns";
			sourceTree = "<group>";
		};
		04019CF8292B564600EAC5CA /* Models */ = {
			isa = PBXGroup;
			children = (
				04019D11292B595D00EAC5CA /* WeatherResponse.swift */,
				04019D13292B596A00EAC5CA /* Coordinate.swift */,
			);
			path = Models;
			sourceTree = "<group>";
		};
		04019CF9292B567500EAC5CA /* ViewModels */ = {
			isa = PBXGroup;
			children = (
			);
			path = ViewModels;
			sourceTree = "<group>";
		};
		04019CFA292B568400EAC5CA /* Views */ = {
			isa = PBXGroup;
			children = (
			);
			path = Views;
			sourceTree = "<group>";
		};
		04019CFB292B568A00EAC5CA /* Controllers */ = {
			isa = PBXGroup;
			children = (
				04019D00292B571D00EAC5CA /* WeatherViewController.swift */,
			);
			path = Controllers;
			sourceTree = "<group>";
		};
		04019CFC292B569C00EAC5CA /* Networking */ = {
			isa = PBXGroup;
			children = (
				04019D09292B58B700EAC5CA /* BaseURL.swift */,
				04019D0B292B58C200EAC5CA /* APIError.swift */,
				04019D0D292B58CB00EAC5CA /* API.swift */,
				04019D0F292B58DA00EAC5CA /* APIMethod.swift */,
			);
			path = Networking;
			sourceTree = "<group>";
		};
		04019CFD292B56AE00EAC5CA /* Resources */ = {
			isa = PBXGroup;
			children = (
				04019D04292B57E800EAC5CA /* Assets.xcassets */,
				04019CFF292B56D700EAC5CA /* Colors */,
			);
			path = Resources;
			sourceTree = "<group>";
		};
		04019CFE292B56BB00EAC5CA /* Application */ = {
			isa = PBXGroup;
			children = (
				04019CE4292B561B00EAC5CA /* AppDelegate.swift */,
				04019CE6292B561B00EAC5CA /* SceneDelegate.swift */,
			);
			path = Application;
			sourceTree = "<group>";
		};
		04019CFF292B56D700EAC5CA /* Colors */ = {
			isa = PBXGroup;
			children = (
				04019D02292B575200EAC5CA /* Colors.swift */,
			);
			path = Colors;
			sourceTree = "<group>";
		};
		04019D06292B581C00EAC5CA /* Extensions */ = {
			isa = PBXGroup;
			children = (
				04019D07292B582F00EAC5CA /* Constraint+Extension.swift */,
			);
			path = Extensions;
			sourceTree = "<group>";
		};
/* End PBXGroup section */

/* Begin PBXNativeTarget section */
		04019CE0292B561B00EAC5CA /* iOS-Design-Patterns */ = {
			isa = PBXNativeTarget;
			buildConfigurationList = 04019CF5292B561E00EAC5CA /* Build configuration list for PBXNativeTarget "iOS-Design-Patterns" */;
			buildPhases = (
				04019CDD292B561B00EAC5CA /* Sources */,
				04019CDE292B561B00EAC5CA /* Frameworks */,
				04019CDF292B561B00EAC5CA /* Resources */,
			);
			buildRules = (
			);
			dependencies = (
			);
			name = "iOS-Design-Patterns";
			productName = "iOS-Design-Patterns";
			productReference = 04019CE1292B561B00EAC5CA /* iOS-Design-Patterns.app */;
			productType = "com.apple.product-type.application";
		};
/* End PBXNativeTarget section */

/* Begin PBXProject section */
		04019CD9292B561B00EAC5CA /* Project object */ = {
			isa = PBXProject;
			attributes = {
				BuildIndependentTargetsInParallel = 1;
				LastSwiftUpdateCheck = 1410;
				LastUpgradeCheck = 1410;
				TargetAttributes = {
					04019CE0292B561B00EAC5CA = {
						CreatedOnToolsVersion = 14.1;
					};
				};
			};
			buildConfigurationList = 04019CDC292B561B00EAC5CA /* Build configuration list for PBXProject "iOS-Design-Patterns" */;
			compatibilityVersion = "Xcode 14.0";
			developmentRegion = en;
			hasScannedForEncodings = 0;
			knownRegions = (
				en,
				Base,
			);
			mainGroup = 04019CD8292B561B00EAC5CA;
			productRefGroup = 04019CE2292B561B00EAC5CA /* Products */;
			projectDirPath = "";
			projectRoot = "";
			targets = (
				04019CE0292B561B00EAC5CA /* iOS-Design-Patterns */,
			);
		};
/* End PBXProject section */

/* Begin PBXResourcesBuildPhase section */
		04019CDF292B561B00EAC5CA /* Resources */ = {
			isa = PBXResourcesBuildPhase;
			buildActionMask = 2147483647;
			files = (
				04019D05292B57E800EAC5CA /* Assets.xcassets in Resources */,
				04019CF1292B561E00EAC5CA /* LaunchScreen.storyboard in Resources */,
			);
			runOnlyForDeploymentPostprocessing = 0;
		};
/* End PBXResourcesBuildPhase section */

/* Begin PBXSourcesBuildPhase section */
		04019CDD292B561B00EAC5CA /* Sources */ = {
			isa = PBXSourcesBuildPhase;
			buildActionMask = 2147483647;
			files = (
				04019CE9292B561B00EAC5CA /* ViewController.swift in Sources */,
				04019D10292B58DA00EAC5CA /* APIMethod.swift in Sources */,
				04019D03292B575200EAC5CA /* Colors.swift in Sources */,
				04019D12292B595D00EAC5CA /* WeatherResponse.swift in Sources */,
				04019D0A292B58B700EAC5CA /* BaseURL.swift in Sources */,
				04019D01292B571D00EAC5CA /* WeatherViewController.swift in Sources */,
				04019CE5292B561B00EAC5CA /* AppDelegate.swift in Sources */,
				04019D0C292B58C200EAC5CA /* APIError.swift in Sources */,
				04019D08292B582F00EAC5CA /* Constraint+Extension.swift in Sources */,
				04019D0E292B58CB00EAC5CA /* API.swift in Sources */,
				04019CE7292B561B00EAC5CA /* SceneDelegate.swift in Sources */,
				04019D14292B596A00EAC5CA /* Coordinate.swift in Sources */,
			);
			runOnlyForDeploymentPostprocessing = 0;
		};
/* End PBXSourcesBuildPhase section */

/* Begin PBXVariantGroup section */
		04019CEF292B561E00EAC5CA /* LaunchScreen.storyboard */ = {
			isa = PBXVariantGroup;
			children = (
				04019CF0292B561E00EAC5CA /* Base */,
			);
			name = LaunchScreen.storyboard;
			sourceTree = "<group>";
		};
/* End PBXVariantGroup section */

/* Begin XCBuildConfiguration section */
		04019CF3292B561E00EAC5CA /* Debug */ = {
			isa = XCBuildConfiguration;
			buildSettings = {
				ALWAYS_SEARCH_USER_PATHS = NO;
				CLANG_ANALYZER_NONNULL = YES;
				CLANG_ANALYZER_NUMBER_OBJECT_CONVERSION = YES_AGGRESSIVE;
				CLANG_CXX_LANGUAGE_STANDARD = "gnu++20";
				CLANG_ENABLE_MODULES = YES;
				CLANG_ENABLE_OBJC_ARC = YES;
				CLANG_ENABLE_OBJC_WEAK = YES;
				CLANG_WARN_BLOCK_CAPTURE_AUTORELEASING = YES;
				CLANG_WARN_BOOL_CONVERSION = YES;
				CLANG_WARN_COMMA = YES;
				CLANG_WARN_CONSTANT_CONVERSION = YES;
				CLANG_WARN_DEPRECATED_OBJC_IMPLEMENTATIONS = YES;
				CLANG_WARN_DIRECT_OBJC_ISA_USAGE = YES_ERROR;
				CLANG_WARN_DOCUMENTATION_COMMENTS = YES;
				CLANG_WARN_EMPTY_BODY = YES;
				CLANG_WARN_ENUM_CONVERSION = YES;
				CLANG_WARN_INFINITE_RECURSION = YES;
				CLANG_WARN_INT_CONVERSION = YES;
				CLANG_WARN_NON_LITERAL_NULL_CONVERSION = YES;
				CLANG_WARN_OBJC_IMPLICIT_RETAIN_SELF = YES;
				CLANG_WARN_OBJC_LITERAL_CONVERSION = YES;
				CLANG_WARN_OBJC_ROOT_CLASS = YES_ERROR;
				CLANG_WARN_QUOTED_INCLUDE_IN_FRAMEWORK_HEADER = YES;
				CLANG_WARN_RANGE_LOOP_ANALYSIS = YES;
				CLANG_WARN_STRICT_PROTOTYPES = YES;
				CLANG_WARN_SUSPICIOUS_MOVE = YES;
				CLANG_WARN_UNGUARDED_AVAILABILITY = YES_AGGRESSIVE;
				CLANG_WARN_UNREACHABLE_CODE = YES;
				CLANG_WARN__DUPLICATE_METHOD_MATCH = YES;
				COPY_PHASE_STRIP = NO;
				DEBUG_INFORMATION_FORMAT = dwarf;
				ENABLE_STRICT_OBJC_MSGSEND = YES;
				ENABLE_TESTABILITY = YES;
				GCC_C_LANGUAGE_STANDARD = gnu11;
				GCC_DYNAMIC_NO_PIC = NO;
				GCC_NO_COMMON_BLOCKS = YES;
				GCC_OPTIMIZATION_LEVEL = 0;
				GCC_PREPROCESSOR_DEFINITIONS = (
					"DEBUG=1",
					"$(inherited)",
				);
				GCC_WARN_64_TO_32_BIT_CONVERSION = YES;
				GCC_WARN_ABOUT_RETURN_TYPE = YES_ERROR;
				GCC_WARN_UNDECLARED_SELECTOR = YES;
				GCC_WARN_UNINITIALIZED_AUTOS = YES_AGGRESSIVE;
				GCC_WARN_UNUSED_FUNCTION = YES;
				GCC_WARN_UNUSED_VARIABLE = YES;
				IPHONEOS_DEPLOYMENT_TARGET = 16.1;
				MTL_ENABLE_DEBUG_INFO = INCLUDE_SOURCE;
				MTL_FAST_MATH = YES;
				ONLY_ACTIVE_ARCH = YES;
				SDKROOT = iphoneos;
				SWIFT_ACTIVE_COMPILATION_CONDITIONS = DEBUG;
				SWIFT_OPTIMIZATION_LEVEL = "-Onone";
			};
			name = Debug;
		};
		04019CF4292B561E00EAC5CA /* Release */ = {
			isa = XCBuildConfiguration;
			buildSettings = {
				ALWAYS_SEARCH_USER_PATHS = NO;
				CLANG_ANALYZER_NONNULL = YES;
				CLANG_ANALYZER_NUMBER_OBJECT_CONVERSION = YES_AGGRESSIVE;
				CLANG_CXX_LANGUAGE_STANDARD = "gnu++20";
				CLANG_ENABLE_MODULES = YES;
				CLANG_ENABLE_OBJC_ARC = YES;
				CLANG_ENABLE_OBJC_WEAK = YES;
				CLANG_WARN_BLOCK_CAPTURE_AUTORELEASING = YES;
				CLANG_WARN_BOOL_CONVERSION = YES;
				CLANG_WARN_COMMA = YES;
				CLANG_WARN_CONSTANT_CONVERSION = YES;
				CLANG_WARN_DEPRECATED_OBJC_IMPLEMENTATIONS = YES;
				CLANG_WARN_DIRECT_OBJC_ISA_USAGE = YES_ERROR;
				CLANG_WARN_DOCUMENTATION_COMMENTS = YES;
				CLANG_WARN_EMPTY_BODY = YES;
				CLANG_WARN_ENUM_CONVERSION = YES;
				CLANG_WARN_INFINITE_RECURSION = YES;
				CLANG_WARN_INT_CONVERSION = YES;
				CLANG_WARN_NON_LITERAL_NULL_CONVERSION = YES;
				CLANG_WARN_OBJC_IMPLICIT_RETAIN_SELF = YES;
				CLANG_WARN_OBJC_LITERAL_CONVERSION = YES;
				CLANG_WARN_OBJC_ROOT_CLASS = YES_ERROR;
				CLANG_WARN_QUOTED_INCLUDE_IN_FRAMEWORK_HEADER = YES;
				CLANG_WARN_RANGE_LOOP_ANALYSIS = YES;
				CLANG_WARN_STRICT_PROTOTYPES = YES;
				CLANG_WARN_SUSPICIOUS_MOVE = YES;
				CLANG_WARN_UNGUARDED_AVAILABILITY = YES_AGGRESSIVE;
				CLANG_WARN_UNREACHABLE_CODE = YES;
				CLANG_WARN__DUPLICATE_METHOD_MATCH = YES;
				COPY_PHASE_STRIP = NO;
				DEBUG_INFORMATION_FORMAT = "dwarf-with-dsym";
				ENABLE_NS_ASSERTIONS = NO;
				ENABLE_STRICT_OBJC_MSGSEND = YES;
				GCC_C_LANGUAGE_STANDARD = gnu11;
				GCC_NO_COMMON_BLOCKS = YES;
				GCC_WARN_64_TO_32_BIT_CONVERSION = YES;
				GCC_WARN_ABOUT_RETURN_TYPE = YES_ERROR;
				GCC_WARN_UNDECLARED_SELECTOR = YES;
				GCC_WARN_UNINITIALIZED_AUTOS = YES_AGGRESSIVE;
				GCC_WARN_UNUSED_FUNCTION = YES;
				GCC_WARN_UNUSED_VARIABLE = YES;
				IPHONEOS_DEPLOYMENT_TARGET = 16.1;
				MTL_ENABLE_DEBUG_INFO = NO;
				MTL_FAST_MATH = YES;
				SDKROOT = iphoneos;
				SWIFT_COMPILATION_MODE = wholemodule;
				SWIFT_OPTIMIZATION_LEVEL = "-O";
				VALIDATE_PRODUCT = YES;
			};
			name = Release;
		};
		04019CF6292B561E00EAC5CA /* Debug */ = {
			isa = XCBuildConfiguration;
			buildSettings = {
				ASSETCATALOG_COMPILER_APPICON_NAME = AppIcon;
				ASSETCATALOG_COMPILER_GLOBAL_ACCENT_COLOR_NAME = AccentColor;
				CODE_SIGN_STYLE = Automatic;
				CURRENT_PROJECT_VERSION = 1;
				DEVELOPMENT_TEAM = 6CUTD2AXT5;
				GENERATE_INFOPLIST_FILE = YES;
				INFOPLIST_FILE = "iOS-Design-Patterns/Info.plist";
				INFOPLIST_KEY_UIApplicationSupportsIndirectInputEvents = YES;
				INFOPLIST_KEY_UILaunchStoryboardName = LaunchScreen;
				INFOPLIST_KEY_UIMainStoryboardFile = "";
				INFOPLIST_KEY_UISupportedInterfaceOrientations_iPad = "UIInterfaceOrientationPortrait UIInterfaceOrientationPortraitUpsideDown UIInterfaceOrientationLandscapeLeft UIInterfaceOrientationLandscapeRight";
				INFOPLIST_KEY_UISupportedInterfaceOrientations_iPhone = "UIInterfaceOrientationPortrait UIInterfaceOrientationLandscapeLeft UIInterfaceOrientationLandscapeRight";
				LD_RUNPATH_SEARCH_PATHS = (
					"$(inherited)",
					"@executable_path/Frameworks",
				);
				MARKETING_VERSION = 1.0;
				PRODUCT_BUNDLE_IDENTIFIER = "com.HuuToan.iOS-Design-Patterns";
				PRODUCT_NAME = "$(TARGET_NAME)";
				SWIFT_EMIT_LOC_STRINGS = YES;
				SWIFT_VERSION = 5.0;
				TARGETED_DEVICE_FAMILY = "1,2";
			};
			name = Debug;
		};
		04019CF7292B561E00EAC5CA /* Release */ = {
			isa = XCBuildConfiguration;
			buildSettings = {
				ASSETCATALOG_COMPILER_APPICON_NAME = AppIcon;
				ASSETCATALOG_COMPILER_GLOBAL_ACCENT_COLOR_NAME = AccentColor;
				CODE_SIGN_STYLE = Automatic;
				CURRENT_PROJECT_VERSION = 1;
				DEVELOPMENT_TEAM = 6CUTD2AXT5;
				GENERATE_INFOPLIST_FILE = YES;
				INFOPLIST_FILE = "iOS-Design-Patterns/Info.plist";
				INFOPLIST_KEY_UIApplicationSupportsIndirectInputEvents = YES;
				INFOPLIST_KEY_UILaunchStoryboardName = LaunchScreen;
				INFOPLIST_KEY_UIMainStoryboardFile = "";
				INFOPLIST_KEY_UISupportedInterfaceOrientations_iPad = "UIInterfaceOrientationPortrait UIInterfaceOrientationPortraitUpsideDown UIInterfaceOrientationLandscapeLeft UIInterfaceOrientationLandscapeRight";
				INFOPLIST_KEY_UISupportedInterfaceOrientations_iPhone = "UIInterfaceOrientationPortrait UIInterfaceOrientationLandscapeLeft UIInterfaceOrientationLandscapeRight";
				LD_RUNPATH_SEARCH_PATHS = (
					"$(inherited)",
					"@executable_path/Frameworks",
				);
				MARKETING_VERSION = 1.0;
				PRODUCT_BUNDLE_IDENTIFIER = "com.HuuToan.iOS-Design-Patterns";
				PRODUCT_NAME = "$(TARGET_NAME)";
				SWIFT_EMIT_LOC_STRINGS = YES;
				SWIFT_VERSION = 5.0;
				TARGETED_DEVICE_FAMILY = "1,2";
			};
			name = Release;
		};
/* End XCBuildConfiguration section */

/* Begin XCConfigurationList section */
		04019CDC292B561B00EAC5CA /* Build configuration list for PBXProject "iOS-Design-Patterns" */ = {
			isa = XCConfigurationList;
			buildConfigurations = (
				04019CF3292B561E00EAC5CA /* Debug */,
				04019CF4292B561E00EAC5CA /* Release */,
			);
			defaultConfigurationIsVisible = 0;
			defaultConfigurationName = Release;
		};
		04019CF5292B561E00EAC5CA /* Build configuration list for PBXNativeTarget "iOS-Design-Patterns" */ = {
			isa = XCConfigurationList;
			buildConfigurations = (
				04019CF6292B561E00EAC5CA /* Debug */,
				04019CF7292B561E00EAC5CA /* Release */,
			);
			defaultConfigurationIsVisible = 0;
			defaultConfigurationName = Release;
		};
/* End XCConfigurationList section */
	};
	rootObject = 04019CD9292B561B00EAC5CA /* Project object */;
}
